
Microsoft Visual Studio Solution File, Format Version 12.00
# Visual Studio Version 17
VisualStudioVersion = 17.3.32901.215
MinimumVisualStudioVersion = 10.0.40219.1
Project("{2150E333-8FDC-42A3-9474-1A3956D46DE8}") = "Core", "Core", "{46C5F263-838E-4B78-8FB0-264EA4626516}"
EndProject
Project("{2150E333-8FDC-42A3-9474-1A3956D46DE8}") = "Infrastructure", "Infrastructure", "{7DE093FF-07AC-43F3-B62A-D0FB4E775B9A}"
EndProject
Project("{2150E333-8FDC-42A3-9474-1A3956D46DE8}") = "Presentation", "Presentation", "{FE00ACCF-D51B-4619-BBEF-EBE4F0F2F69E}"
EndProject
Project("{9A19103F-16F7-4668-BE54-9A1E7A4F7556}") = "Domain", "Domain\Domain.csproj", "{3DB75CE1-D11D-49D1-B7B3-1CCD90C5672C}"
EndProject
Project("{9A19103F-16F7-4668-BE54-9A1E7A4F7556}") = "Persistence", "Persistence\Persistence.csproj", "{E62189E1-FA7D-4A7B-84B6-8CEBF6B54129}"
EndProject
Project("{9A19103F-16F7-4668-BE54-9A1E7A4F7556}") = "Contracts", "Contracts\Contracts.csproj", "{00290340-C49B-46D2-BB34-4B3888A7405F}"
EndProject
Project("{9A19103F-16F7-4668-BE54-9A1E7A4F7556}") = "Services", "Services\Services.csproj", "{B600046D-9357-4559-8E69-F3926FADA8E5}"
EndProject
Project("{9A19103F-16F7-4668-BE54-9A1E7A4F7556}") = "PB_WebApi", "PB_WebApi\PB_WebApi.csproj", "{BD545023-9AAC-46F5-81D9-3F5C5AA099F5}"
EndProject
Project("{9A19103F-16F7-4668-BE54-9A1E7A4F7556}") = "PB_Blazor", "PB_Blazor\PB_Blazor.csproj", "{F52FA466-F4B6-4FE7-9FA3-FE4BAC662D8E}"
EndProject
Project("{9A19103F-16F7-4668-BE54-9A1E7A4F7556}") = "PresentationModels", "PresentationModels\PresentationModels.csproj", "{0A017A42-D671-439C-AB1A-C9CF92165097}"
EndProject
Global
	GlobalSection(SolutionConfigurationPlatforms) = preSolution
		Debug|Any CPU = Debug|Any CPU
		Release|Any CPU = Release|Any CPU
	EndGlobalSection
	GlobalSection(ProjectConfigurationPlatforms) = postSolution
		{3DB75CE1-D11D-49D1-B7B3-1CCD90C5672C}.Debug|Any CPU.ActiveCfg = Debug|Any CPU
		{3DB75CE1-D11D-49D1-B7B3-1CCD90C5672C}.Debug|Any CPU.Build.0 = Debug|Any CPU
		{3DB75CE1-D11D-49D1-B7B3-1CCD90C5672C}.Release|Any CPU.ActiveCfg = Release|Any CPU
		{3DB75CE1-D11D-49D1-B7B3-1CCD90C5672C}.Release|Any CPU.Build.0 = Release|Any CPU
		{E62189E1-FA7D-4A7B-84B6-8CEBF6B54129}.Debug|Any CPU.ActiveCfg = Debug|Any CPU
		{E62189E1-FA7D-4A7B-84B6-8CEBF6B54129}.Debug|Any CPU.Build.0 = Debug|Any CPU
		{E62189E1-FA7D-4A7B-84B6-8CEBF6B54129}.Release|Any CPU.ActiveCfg = Release|Any CPU
		{E62189E1-FA7D-4A7B-84B6-8CEBF6B54129}.Release|Any CPU.Build.0 = Release|Any CPU
		{00290340-C49B-46D2-BB34-4B3888A7405F}.Debug|Any CPU.ActiveCfg = Debug|Any CPU
		{00290340-C49B-46D2-BB34-4B3888A7405F}.Debug|Any CPU.Build.0 = Debug|Any CPU
		{00290340-C49B-46D2-BB34-4B3888A7405F}.Release|Any CPU.ActiveCfg = Release|Any CPU
		{00290340-C49B-46D2-BB34-4B3888A7405F}.Release|Any CPU.Build.0 = Release|Any CPU
		{B600046D-9357-4559-8E69-F3926FADA8E5}.Debug|Any CPU.ActiveCfg = Debug|Any CPU
		{B600046D-9357-4559-8E69-F3926FADA8E5}.Debug|Any CPU.Build.0 = Debug|Any CPU
		{B600046D-9357-4559-8E69-F3926FADA8E5}.Release|Any CPU.ActiveCfg = Release|Any CPU
		{B600046D-9357-4559-8E69-F3926FADA8E5}.Release|Any CPU.Build.0 = Release|Any CPU
		{BD545023-9AAC-46F5-81D9-3F5C5AA099F5}.Debug|Any CPU.ActiveCfg = Debug|Any CPU
		{BD545023-9AAC-46F5-81D9-3F5C5AA099F5}.Debug|Any CPU.Build.0 = Debug|Any CPU
		{BD545023-9AAC-46F5-81D9-3F5C5AA099F5}.Release|Any CPU.ActiveCfg = Release|Any CPU
		{BD545023-9AAC-46F5-81D9-3F5C5AA099F5}.Release|Any CPU.Build.0 = Release|Any CPU
		{F52FA466-F4B6-4FE7-9FA3-FE4BAC662D8E}.Debug|Any CPU.ActiveCfg = Debug|Any CPU
		{F52FA466-F4B6-4FE7-9FA3-FE4BAC662D8E}.Debug|Any CPU.Build.0 = Debug|Any CPU
		{F52FA466-F4B6-4FE7-9FA3-FE4BAC662D8E}.Release|Any CPU.ActiveCfg = Release|Any CPU
		{F52FA466-F4B6-4FE7-9FA3-FE4BAC662D8E}.Release|Any CPU.Build.0 = Release|Any CPU
		{0A017A42-D671-439C-AB1A-C9CF92165097}.Debug|Any CPU.ActiveCfg = Debug|Any CPU
		{0A017A42-D671-439C-AB1A-C9CF92165097}.Debug|Any CPU.Build.0 = Debug|Any CPU
		{0A017A42-D671-439C-AB1A-C9CF92165097}.Release|Any CPU.ActiveCfg = Release|Any CPU
		{0A017A42-D671-439C-AB1A-C9CF92165097}.Release|Any CPU.Build.0 = Release|Any CPU
	EndGlobalSection
	GlobalSection(SolutionProperties) = preSolution
		HideSolutionNode = FALSE
	EndGlobalSection
	GlobalSection(NestedProjects) = preSolution
		{3DB75CE1-D11D-49D1-B7B3-1CCD90C5672C} = {46C5F263-838E-4B78-8FB0-264EA4626516}
		{E62189E1-FA7D-4A7B-84B6-8CEBF6B54129} = {7DE093FF-07AC-43F3-B62A-D0FB4E775B9A}
		{00290340-C49B-46D2-BB34-4B3888A7405F} = {46C5F263-838E-4B78-8FB0-264EA4626516}
		{B600046D-9357-4559-8E69-F3926FADA8E5} = {46C5F263-838E-4B78-8FB0-264EA4626516}
		{BD545023-9AAC-46F5-81D9-3F5C5AA099F5} = {FE00ACCF-D51B-4619-BBEF-EBE4F0F2F69E}
		{F52FA466-F4B6-4FE7-9FA3-FE4BAC662D8E} = {FE00ACCF-D51B-4619-BBEF-EBE4F0F2F69E}
		{0A017A42-D671-439C-AB1A-C9CF92165097} = {FE00ACCF-D51B-4619-BBEF-EBE4F0F2F69E}
	EndGlobalSection
	GlobalSection(ExtensibilityGlobals) = postSolution
		SolutionGuid = {A9A3ED34-F329-4518-9483-AB9CE22113A7}
	EndGlobalSection
EndGlobal
